
Microsoft Visual Studio Solution File, Format Version 12.00
# Visual Studio Version 17
VisualStudioVersion = 17.2.32602.215
MinimumVisualStudioVersion = 10.0.40219.1
Project("{9A19103F-16F7-4668-BE54-9A1E7A4F7556}") = "Shopping", "Shopping\Shopping.csproj", "{82F60EA1-D8FF-4803-940B-7A2AB2D37356}"
EndProject
Project("{2150E333-8FDC-42A3-9474-1A3956D46DE8}") = "Solution Items", "Solution Items", "{09620CAB-64B0-45DE-BF54-B208900E8EAF}"
	ProjectSection(SolutionItems) = preProject
		.editorconfig = .editorconfig
	EndProjectSection
EndProject
Project("{2150E333-8FDC-42A3-9474-1A3956D46DE8}") = "Test", "Test", "{3D8D2685-2246-4155-BF04-F5FC193D6C5E}"
EndProject
Global
	GlobalSection(SolutionConfigurationPlatforms) = preSolution
		Debug|Any CPU = Debug|Any CPU
		Release|Any CPU = Release|Any CPU
	EndGlobalSection
	GlobalSection(ProjectConfigurationPlatforms) = postSolution
		{82F60EA1-D8FF-4803-940B-7A2AB2D37356}.Debug|Any CPU.ActiveCfg = Debug|Any CPU
		{82F60EA1-D8FF-4803-940B-7A2AB2D37356}.Debug|Any CPU.Build.0 = Debug|Any CPU
		{82F60EA1-D8FF-4803-940B-7A2AB2D37356}.Release|Any CPU.ActiveCfg = Release|Any CPU
		{82F60EA1-D8FF-4803-940B-7A2AB2D37356}.Release|Any CPU.Build.0 = Release|Any CPU
	EndGlobalSection
	GlobalSection(SolutionProperties) = preSolution
		HideSolutionNode = FALSE
	EndGlobalSection
	GlobalSection(ExtensibilityGlobals) = postSolution
		SolutionGuid = {E888EA56-997A-45C2-976E-AABBEB377186}
	EndGlobalSection
EndGlobal
